<?xml version="1.0" encoding="utf-8"?>
<Project ToolsVersion="4.0" xmlns="http://schemas.microsoft.com/developer/msbuild/2003">
  <ItemGroup>
    <Filter Include="Source">
      <UniqueIdentifier>{438b726e-981c-4259-b510-710552067d6b}</UniqueIdentifier>
    </Filter>
    <Filter Include="Header">
      <UniqueIdentifier>{24488f18-920a-4b5a-9514-dd0a95943cac}</UniqueIdentifier>
    </Filter>
  </ItemGroup>
  <ItemGroup>
    <ClInclude Include="Source.h">
      <Filter>Header</Filter>
    </ClInclude>
    <ClInclude Include="SchemeDataStructure.h">
      <Filter>Header</Filter>
    </ClInclude>
    <ClInclude Include="ResultsDataStructure.h">
      <Filter>Header</Filter>
    </ClInclude>
    <ClInclude Include="Main.h">
      <Filter>Header</Filter>
    </ClInclude>
    <ClInclude Include="GlobalHeader.h">
      <Filter>Header</Filter>
    </ClInclude>
    <ClInclude Include="BiggerSource.h">
      <Filter>Header</Filter>
    </ClInclude>
    <ClInclude Include="Test.h">
      <Filter>Header</Filter>
    </ClInclude>
    <ClInclude Include="cuLib.h">
      <Filter>Header</Filter>
    </ClInclude>
    <ClInclude Include="cuSource.h">
      <Filter>Header</Filter>
    </ClInclude>
    <ClInclude Include="cuSDStruct.h">
      <Filter>Header</Filter>
    </ClInclude>
    <ClInclude Include="cuRDStruct.h" />
  </ItemGroup>
  <ItemGroup>
    <ClCompile Include="BiggerSource.cpp">
      <Filter>Source</Filter>
    </ClCompile>
    <ClCompile Include="Main.cpp">
      <Filter>Source</Filter>
    </ClCompile>
    <ClCompile Include="ResultsDataStructure.cpp">
      <Filter>Source</Filter>
    </ClCompile>
    <ClCompile Include="SchemeDataStructure.cpp">
      <Filter>Source</Filter>
    </ClCompile>
    <ClCompile Include="Source.cpp">
      <Filter>Source</Filter>
    </ClCompile>
    <ClCompile Include="cuSource.cpp">
      <Filter>Source</Filter>
    </ClCompile>
    <ClCompile Include="GlobalHeader.cpp">
      <Filter>Source</Filter>
    </ClCompile>
  </ItemGroup>
  <ItemGroup>
    <CudaCompile Include="Test.cu">
      <Filter>Source</Filter>
    </CudaCompile>
    <CudaCompile Include="cuLib.cu">
      <Filter>Source</Filter>
    </CudaCompile>
  </ItemGroup>
</Project>